
Microsoft Visual Studio Solution File, Format Version 12.00
# Visual Studio Version 16
VisualStudioVersion = 16.0.30317.65
MinimumVisualStudioVersion = 10.0.40219.1
Project("{9A19103F-16F7-4668-BE54-9A1E7A4F7556}") = "FunctionApp1", "FunctionApp1.csproj", "{739F7877-7069-4F48-A7F4-C16DAADBD1F8}"
EndProject
Global
	GlobalSection(SolutionConfigurationPlatforms) = preSolution
		Debug|Any CPU = Debug|Any CPU
		Release|Any CPU = Release|Any CPU
	EndGlobalSection
	GlobalSection(ProjectConfigurationPlatforms) = postSolution
		{739F7877-7069-4F48-A7F4-C16DAADBD1F8}.Debug|Any CPU.ActiveCfg = Debug|Any CPU
		{739F7877-7069-4F48-A7F4-C16DAADBD1F8}.Debug|Any CPU.Build.0 = Debug|Any CPU
		{739F7877-7069-4F48-A7F4-C16DAADBD1F8}.Release|Any CPU.ActiveCfg = Release|Any CPU
		{739F7877-7069-4F48-A7F4-C16DAADBD1F8}.Release|Any CPU.Build.0 = Release|Any CPU
	EndGlobalSection
	GlobalSection(SolutionProperties) = preSolution
		HideSolutionNode = FALSE
	EndGlobalSection
	GlobalSection(ExtensibilityGlobals) = postSolution
		SolutionGuid = {D8DFD8FC-CE16-4A95-B4FC-C261ABC83141}
	EndGlobalSection
EndGlobal
